
Microsoft Visual Studio Solution File, Format Version 12.00
# Visual Studio Version 17
VisualStudioVersion = 17.8.34511.84
MinimumVisualStudioVersion = 10.0.40219.1
Project("{FAE04EC0-301F-11D3-BF4B-00C04F79EFBC}") = "LR3_ASP_Zhyhlova", "LR3_ASP_Zhyhlova\LR3_ASP_Zhyhlova.csproj", "{10D54266-BF25-464D-9506-EB31C4510560}"
EndProject
Global
	GlobalSection(SolutionConfigurationPlatforms) = preSolution
		Debug|Any CPU = Debug|Any CPU
		Release|Any CPU = Release|Any CPU
	EndGlobalSection
	GlobalSection(ProjectConfigurationPlatforms) = postSolution
		{10D54266-BF25-464D-9506-EB31C4510560}.Debug|Any CPU.ActiveCfg = Debug|Any CPU
		{10D54266-BF25-464D-9506-EB31C4510560}.Debug|Any CPU.Build.0 = Debug|Any CPU
		{10D54266-BF25-464D-9506-EB31C4510560}.Release|Any CPU.ActiveCfg = Release|Any CPU
		{10D54266-BF25-464D-9506-EB31C4510560}.Release|Any CPU.Build.0 = Release|Any CPU
	EndGlobalSection
	GlobalSection(SolutionProperties) = preSolution
		HideSolutionNode = FALSE
	EndGlobalSection
	GlobalSection(ExtensibilityGlobals) = postSolution
		SolutionGuid = {2969584F-88F6-4186-BB54-1023B3764114}
	EndGlobalSection
EndGlobal
